
Microsoft Visual Studio Solution File, Format Version 12.00
# Visual Studio Version 17
VisualStudioVersion = 17.0.31903.59
MinimumVisualStudioVersion = 10.0.40219.1
Project("{FAE04EC0-301F-11D3-BF4B-00C04F79EFBC}") = "Authentication.Service", "Authentication.Service\Authentication.Service.csproj", "{3C04FC01-5853-49DB-A9E6-D672CB49D588}"
EndProject
Project("{FAE04EC0-301F-11D3-BF4B-00C04F79EFBC}") = "Authorization.Service", "Authorization.Service\Authorization.Service.csproj", "{B86A849C-8CCF-4313-A08C-ABD90E157622}"
EndProject
Project("{FAE04EC0-301F-11D3-BF4B-00C04F79EFBC}") = "Lockpulse.Backend", "Lockpulse.Backend\Lockpulse.Backend.csproj", "{A2C63F34-0DB3-4FD6-96E4-2C32A2A6D871}"
EndProject
Project("{FAE04EC0-301F-11D3-BF4B-00C04F79EFBC}") = "Gateway.API", "Gateway.API\Gateway.API.csproj", "{25AE71CA-2DB7-45DF-A6CE-6A7C94515A41}"
EndProject
Project("{FAE04EC0-301F-11D3-BF4B-00C04F79EFBC}") = "SharedLibrary", "SharedLibrary\SharedLibrary.csproj", "{521CC137-BF04-4543-ADEA-40ECF44B9AD9}"
EndProject
Project("{2150E333-8FDC-42A3-9474-1A3956D46DE8}") = "Bytemark.Backend", "Bytemark.Backend", "{AC27DD27-BBFF-4DF9-857E-97C5190866A8}"
EndProject
Project("{FAE04EC0-301F-11D3-BF4B-00C04F79EFBC}") = "ByteBookmarks.Server", "Bytemark.Backend\ByteBookmarks.Server\ByteBookmarks.Server.csproj", "{50C6E4AC-9E55-4E0A-9436-B2236F7BCCA4}"
EndProject
Project("{FAE04EC0-301F-11D3-BF4B-00C04F79EFBC}") = "ByteBookmarks.Core", "Bytemark.Backend\ByteBookmarks.Core\ByteBookmarks.Core.csproj", "{116B5486-BEF5-4217-AE8A-012E874B7304}"
EndProject
Project("{FAE04EC0-301F-11D3-BF4B-00C04F79EFBC}") = "ByteBookmarks.Application", "Bytemark.Backend\ByteBookmarks.Application\ByteBookmarks.Application.csproj", "{03C73CEB-F1EF-4DFB-8EDD-F866FBCBB93D}"
EndProject
Project("{FAE04EC0-301F-11D3-BF4B-00C04F79EFBC}") = "ByteBookmarks.Infrastructure", "Bytemark.Backend\ByteBookmarks.Infrastructure\ByteBookmarks.Infrastructure.csproj", "{63DC7CED-DC6D-4333-9757-45B6FB359277}"
EndProject
Global
	GlobalSection(SolutionConfigurationPlatforms) = preSolution
		Debug|Any CPU = Debug|Any CPU
		Release|Any CPU = Release|Any CPU
	EndGlobalSection
	GlobalSection(SolutionProperties) = preSolution
		HideSolutionNode = FALSE
	EndGlobalSection
	GlobalSection(ProjectConfigurationPlatforms) = postSolution
		{3C04FC01-5853-49DB-A9E6-D672CB49D588}.Debug|Any CPU.ActiveCfg = Debug|Any CPU
		{3C04FC01-5853-49DB-A9E6-D672CB49D588}.Debug|Any CPU.Build.0 = Debug|Any CPU
		{3C04FC01-5853-49DB-A9E6-D672CB49D588}.Release|Any CPU.ActiveCfg = Release|Any CPU
		{3C04FC01-5853-49DB-A9E6-D672CB49D588}.Release|Any CPU.Build.0 = Release|Any CPU
		{B86A849C-8CCF-4313-A08C-ABD90E157622}.Debug|Any CPU.ActiveCfg = Debug|Any CPU
		{B86A849C-8CCF-4313-A08C-ABD90E157622}.Debug|Any CPU.Build.0 = Debug|Any CPU
		{B86A849C-8CCF-4313-A08C-ABD90E157622}.Release|Any CPU.ActiveCfg = Release|Any CPU
		{B86A849C-8CCF-4313-A08C-ABD90E157622}.Release|Any CPU.Build.0 = Release|Any CPU
		{A2C63F34-0DB3-4FD6-96E4-2C32A2A6D871}.Debug|Any CPU.ActiveCfg = Debug|Any CPU
		{A2C63F34-0DB3-4FD6-96E4-2C32A2A6D871}.Debug|Any CPU.Build.0 = Debug|Any CPU
		{A2C63F34-0DB3-4FD6-96E4-2C32A2A6D871}.Release|Any CPU.ActiveCfg = Release|Any CPU
		{A2C63F34-0DB3-4FD6-96E4-2C32A2A6D871}.Release|Any CPU.Build.0 = Release|Any CPU
		{25AE71CA-2DB7-45DF-A6CE-6A7C94515A41}.Debug|Any CPU.ActiveCfg = Debug|Any CPU
		{25AE71CA-2DB7-45DF-A6CE-6A7C94515A41}.Debug|Any CPU.Build.0 = Debug|Any CPU
		{25AE71CA-2DB7-45DF-A6CE-6A7C94515A41}.Release|Any CPU.ActiveCfg = Release|Any CPU
		{25AE71CA-2DB7-45DF-A6CE-6A7C94515A41}.Release|Any CPU.Build.0 = Release|Any CPU
		{521CC137-BF04-4543-ADEA-40ECF44B9AD9}.Debug|Any CPU.ActiveCfg = Debug|Any CPU
		{521CC137-BF04-4543-ADEA-40ECF44B9AD9}.Debug|Any CPU.Build.0 = Debug|Any CPU
		{521CC137-BF04-4543-ADEA-40ECF44B9AD9}.Release|Any CPU.ActiveCfg = Release|Any CPU
		{521CC137-BF04-4543-ADEA-40ECF44B9AD9}.Release|Any CPU.Build.0 = Release|Any CPU
		{50C6E4AC-9E55-4E0A-9436-B2236F7BCCA4}.Debug|Any CPU.ActiveCfg = Debug|Any CPU
		{50C6E4AC-9E55-4E0A-9436-B2236F7BCCA4}.Debug|Any CPU.Build.0 = Debug|Any CPU
		{50C6E4AC-9E55-4E0A-9436-B2236F7BCCA4}.Release|Any CPU.ActiveCfg = Release|Any CPU
		{50C6E4AC-9E55-4E0A-9436-B2236F7BCCA4}.Release|Any CPU.Build.0 = Release|Any CPU
		{116B5486-BEF5-4217-AE8A-012E874B7304}.Debug|Any CPU.ActiveCfg = Debug|Any CPU
		{116B5486-BEF5-4217-AE8A-012E874B7304}.Debug|Any CPU.Build.0 = Debug|Any CPU
		{116B5486-BEF5-4217-AE8A-012E874B7304}.Release|Any CPU.ActiveCfg = Release|Any CPU
		{116B5486-BEF5-4217-AE8A-012E874B7304}.Release|Any CPU.Build.0 = Release|Any CPU
		{03C73CEB-F1EF-4DFB-8EDD-F866FBCBB93D}.Debug|Any CPU.ActiveCfg = Debug|Any CPU
		{03C73CEB-F1EF-4DFB-8EDD-F866FBCBB93D}.Debug|Any CPU.Build.0 = Debug|Any CPU
		{03C73CEB-F1EF-4DFB-8EDD-F866FBCBB93D}.Release|Any CPU.ActiveCfg = Release|Any CPU
		{03C73CEB-F1EF-4DFB-8EDD-F866FBCBB93D}.Release|Any CPU.Build.0 = Release|Any CPU
		{63DC7CED-DC6D-4333-9757-45B6FB359277}.Debug|Any CPU.ActiveCfg = Debug|Any CPU
		{63DC7CED-DC6D-4333-9757-45B6FB359277}.Debug|Any CPU.Build.0 = Debug|Any CPU
		{63DC7CED-DC6D-4333-9757-45B6FB359277}.Release|Any CPU.ActiveCfg = Release|Any CPU
		{63DC7CED-DC6D-4333-9757-45B6FB359277}.Release|Any CPU.Build.0 = Release|Any CPU
	EndGlobalSection
	GlobalSection(NestedProjects) = preSolution
		{50C6E4AC-9E55-4E0A-9436-B2236F7BCCA4} = {AC27DD27-BBFF-4DF9-857E-97C5190866A8}
		{116B5486-BEF5-4217-AE8A-012E874B7304} = {AC27DD27-BBFF-4DF9-857E-97C5190866A8}
		{03C73CEB-F1EF-4DFB-8EDD-F866FBCBB93D} = {AC27DD27-BBFF-4DF9-857E-97C5190866A8}
		{63DC7CED-DC6D-4333-9757-45B6FB359277} = {AC27DD27-BBFF-4DF9-857E-97C5190866A8}
	EndGlobalSection
EndGlobal
